
Microsoft Visual Studio Solution File, Format Version 12.00
# Visual Studio 2012
Project("{2150E333-8FDC-42A3-9474-1A3956D46DE8}") = "Ui", "Ui", "{1E973756-FA85-4552-86C9-E69EFDB3BC2D}"
EndProject
Project("{2150E333-8FDC-42A3-9474-1A3956D46DE8}") = "Client", "Client", "{D70A7886-1C5A-4459-828E-82A3D422AA66}"
EndProject
Project("{2150E333-8FDC-42A3-9474-1A3956D46DE8}") = "Server", "Server", "{4B5D5B65-19FA-4696-8DE1-B7B848F3ECE2}"
EndProject
Project("{2150E333-8FDC-42A3-9474-1A3956D46DE8}") = "Mvc", "Mvc", "{557B1209-0C6C-49A2-A961-CB64F75909C8}"
EndProject
Project("{2150E333-8FDC-42A3-9474-1A3956D46DE8}") = "Solution Items", "Solution Items", "{07E40063-00C7-4C6F-B7DF-5DAE28442143}"
	ProjectSection(SolutionItems) = preProject
		Local.testsettings = Local.testsettings
		TraceAndTestImpact.testsettings = TraceAndTestImpact.testsettings
		Vfi.vsmdi = Vfi.vsmdi
	EndProjectSection
EndProject
Project("{2150E333-8FDC-42A3-9474-1A3956D46DE8}") = "Core", "Core", "{A4F22947-8ADC-45D5-A739-951FF0222EB7}"
EndProject
Project("{2150E333-8FDC-42A3-9474-1A3956D46DE8}") = "Module", "Module", "{8EE31E1F-11A6-4237-99FD-955E5D7DEEA4}"
EndProject
Project("{2150E333-8FDC-42A3-9474-1A3956D46DE8}") = "Core", "Core", "{33D57180-45AD-4DA0-A91C-3704D0632322}"
EndProject
Project("{FAE04EC0-301F-11D3-BF4B-00C04F79EFBC}") = "Vfi.Server.Core.CrossCutting", "Vfi.Server.Core.CrossCutting\Vfi.Server.Core.CrossCutting.csproj", "{D6946A12-1260-45E8-854B-883C34348D9F}"
EndProject
Project("{FAE04EC0-301F-11D3-BF4B-00C04F79EFBC}") = "Vfi.Server.Core.DataModel", "Vfi.Server.Core.DataModel\Vfi.Server.Core.DataModel.csproj", "{8C7932A5-AD03-419A-AFE4-17A565B6F7E9}"
EndProject
Project("{FAE04EC0-301F-11D3-BF4B-00C04F79EFBC}") = "Vfi.Server.Core.Infrastructure", "Vfi.Server.Core.Infrastructure\Vfi.Server.Core.Infrastructure.csproj", "{7F13E806-DC19-423A-9093-7F2416D4D872}"
EndProject
Project("{FAE04EC0-301F-11D3-BF4B-00C04F79EFBC}") = "Vfi.Server.Core.Repository", "Vfi.Server.Core.Repository\Vfi.Server.Core.Repository.csproj", "{9EC540EF-0785-4F6C-9637-BC17CBE44F77}"
EndProject
Project("{FAE04EC0-301F-11D3-BF4B-00C04F79EFBC}") = "Vfi.Client.Module.Authentication", "Vfi.Client.Module.Authentication\Vfi.Client.Module.Authentication.csproj", "{2813EB3F-1DC2-424E-96D2-8E12B123BC65}"
EndProject
Project("{FAE04EC0-301F-11D3-BF4B-00C04F79EFBC}") = "Vfi.Client.Module.Factory", "Vfi.Client.Module.Factory\Vfi.Client.Module.Factory.csproj", "{5E1612CE-3FBF-4705-8CA9-03413C935C45}"
EndProject
Project("{FAE04EC0-301F-11D3-BF4B-00C04F79EFBC}") = "Vfi.Client.Module.Inv", "Vfi.Client.Module.Inv\Vfi.Client.Module.Inv.csproj", "{01B778B6-CA47-4635-96EC-EC1BA749A4A4}"
EndProject
Project("{FAE04EC0-301F-11D3-BF4B-00C04F79EFBC}") = "Vfi.Client.Module.Purchasing", "Vfi.Client.Module.Purchasing\Vfi.Client.Module.Purchasing.csproj", "{B1C090AF-E11C-4743-B621-8CCBE1F634C5}"
EndProject
Project("{FAE04EC0-301F-11D3-BF4B-00C04F79EFBC}") = "Vfi.Client.Module.Production", "Vfi.Client.Module.Production\Vfi.Client.Module.Production.csproj", "{CFDDA259-BF5A-4ADD-8693-ECB67DC196D9}"
EndProject
Project("{FAE04EC0-301F-11D3-BF4B-00C04F79EFBC}") = "Vfi.Client.Module.Sales", "Vfi.Client.Module.Sales\Vfi.Client.Module.Sales.csproj", "{9A224A48-7494-40CE-A5C7-9DDC81B4B2C7}"
EndProject
Project("{FAE04EC0-301F-11D3-BF4B-00C04F79EFBC}") = "Vfi.Client.Core.Common", "Vfi.Client.Core.Common\Vfi.Client.Core.Common.csproj", "{7F4DE531-41C7-4E5C-BB34-8493DA435EDF}"
EndProject
Project("{FAE04EC0-301F-11D3-BF4B-00C04F79EFBC}") = "Vfi.Ui.Mvc.Vfi", "Vfi.Ui.Mvc.Vfi\Vfi.Ui.Mvc.Vfi.csproj", "{7432BEDF-39CA-4E3A-8158-82AF29FF9C0E}"
EndProject
Project("{FAE04EC0-301F-11D3-BF4B-00C04F79EFBC}") = "Vfi.Server.Core.DrivenModel", "Vfi.Server.Core.DrivenModel\Vfi.Server.Core.DrivenModel\Vfi.Server.Core.DrivenModel.csproj", "{BCB4D905-0632-43B4-A95C-69600422E270}"
EndProject
Global
	GlobalSection(TestCaseManagementSettings) = postSolution
		CategoryFile = Vfi.vsmdi
	EndGlobalSection
	GlobalSection(SolutionConfigurationPlatforms) = preSolution
		Debug|Any CPU = Debug|Any CPU
		Release|Any CPU = Release|Any CPU
	EndGlobalSection
	GlobalSection(ProjectConfigurationPlatforms) = postSolution
		{D6946A12-1260-45E8-854B-883C34348D9F}.Debug|Any CPU.ActiveCfg = Debug|Any CPU
		{D6946A12-1260-45E8-854B-883C34348D9F}.Debug|Any CPU.Build.0 = Debug|Any CPU
		{D6946A12-1260-45E8-854B-883C34348D9F}.Release|Any CPU.ActiveCfg = Release|Any CPU
		{D6946A12-1260-45E8-854B-883C34348D9F}.Release|Any CPU.Build.0 = Release|Any CPU
		{8C7932A5-AD03-419A-AFE4-17A565B6F7E9}.Debug|Any CPU.ActiveCfg = Debug|Any CPU
		{8C7932A5-AD03-419A-AFE4-17A565B6F7E9}.Debug|Any CPU.Build.0 = Debug|Any CPU
		{8C7932A5-AD03-419A-AFE4-17A565B6F7E9}.Release|Any CPU.ActiveCfg = Release|Any CPU
		{8C7932A5-AD03-419A-AFE4-17A565B6F7E9}.Release|Any CPU.Build.0 = Release|Any CPU
		{7F13E806-DC19-423A-9093-7F2416D4D872}.Debug|Any CPU.ActiveCfg = Debug|Any CPU
		{7F13E806-DC19-423A-9093-7F2416D4D872}.Debug|Any CPU.Build.0 = Debug|Any CPU
		{7F13E806-DC19-423A-9093-7F2416D4D872}.Release|Any CPU.ActiveCfg = Release|Any CPU
		{7F13E806-DC19-423A-9093-7F2416D4D872}.Release|Any CPU.Build.0 = Release|Any CPU
		{9EC540EF-0785-4F6C-9637-BC17CBE44F77}.Debug|Any CPU.ActiveCfg = Debug|Any CPU
		{9EC540EF-0785-4F6C-9637-BC17CBE44F77}.Debug|Any CPU.Build.0 = Debug|Any CPU
		{9EC540EF-0785-4F6C-9637-BC17CBE44F77}.Release|Any CPU.ActiveCfg = Release|Any CPU
		{9EC540EF-0785-4F6C-9637-BC17CBE44F77}.Release|Any CPU.Build.0 = Release|Any CPU
		{2813EB3F-1DC2-424E-96D2-8E12B123BC65}.Debug|Any CPU.ActiveCfg = Debug|Any CPU
		{2813EB3F-1DC2-424E-96D2-8E12B123BC65}.Debug|Any CPU.Build.0 = Debug|Any CPU
		{2813EB3F-1DC2-424E-96D2-8E12B123BC65}.Release|Any CPU.ActiveCfg = Release|Any CPU
		{2813EB3F-1DC2-424E-96D2-8E12B123BC65}.Release|Any CPU.Build.0 = Release|Any CPU
		{5E1612CE-3FBF-4705-8CA9-03413C935C45}.Debug|Any CPU.ActiveCfg = Debug|Any CPU
		{5E1612CE-3FBF-4705-8CA9-03413C935C45}.Debug|Any CPU.Build.0 = Debug|Any CPU
		{5E1612CE-3FBF-4705-8CA9-03413C935C45}.Release|Any CPU.ActiveCfg = Release|Any CPU
		{5E1612CE-3FBF-4705-8CA9-03413C935C45}.Release|Any CPU.Build.0 = Release|Any CPU
		{01B778B6-CA47-4635-96EC-EC1BA749A4A4}.Debug|Any CPU.ActiveCfg = Debug|Any CPU
		{01B778B6-CA47-4635-96EC-EC1BA749A4A4}.Debug|Any CPU.Build.0 = Debug|Any CPU
		{01B778B6-CA47-4635-96EC-EC1BA749A4A4}.Release|Any CPU.ActiveCfg = Release|Any CPU
		{01B778B6-CA47-4635-96EC-EC1BA749A4A4}.Release|Any CPU.Build.0 = Release|Any CPU
		{B1C090AF-E11C-4743-B621-8CCBE1F634C5}.Debug|Any CPU.ActiveCfg = Debug|Any CPU
		{B1C090AF-E11C-4743-B621-8CCBE1F634C5}.Debug|Any CPU.Build.0 = Debug|Any CPU
		{B1C090AF-E11C-4743-B621-8CCBE1F634C5}.Release|Any CPU.ActiveCfg = Release|Any CPU
		{B1C090AF-E11C-4743-B621-8CCBE1F634C5}.Release|Any CPU.Build.0 = Release|Any CPU
		{CFDDA259-BF5A-4ADD-8693-ECB67DC196D9}.Debug|Any CPU.ActiveCfg = Debug|Any CPU
		{CFDDA259-BF5A-4ADD-8693-ECB67DC196D9}.Debug|Any CPU.Build.0 = Debug|Any CPU
		{CFDDA259-BF5A-4ADD-8693-ECB67DC196D9}.Release|Any CPU.ActiveCfg = Release|Any CPU
		{CFDDA259-BF5A-4ADD-8693-ECB67DC196D9}.Release|Any CPU.Build.0 = Release|Any CPU
		{9A224A48-7494-40CE-A5C7-9DDC81B4B2C7}.Debug|Any CPU.ActiveCfg = Debug|Any CPU
		{9A224A48-7494-40CE-A5C7-9DDC81B4B2C7}.Debug|Any CPU.Build.0 = Debug|Any CPU
		{9A224A48-7494-40CE-A5C7-9DDC81B4B2C7}.Release|Any CPU.ActiveCfg = Release|Any CPU
		{9A224A48-7494-40CE-A5C7-9DDC81B4B2C7}.Release|Any CPU.Build.0 = Release|Any CPU
		{7F4DE531-41C7-4E5C-BB34-8493DA435EDF}.Debug|Any CPU.ActiveCfg = Debug|Any CPU
		{7F4DE531-41C7-4E5C-BB34-8493DA435EDF}.Debug|Any CPU.Build.0 = Debug|Any CPU
		{7F4DE531-41C7-4E5C-BB34-8493DA435EDF}.Release|Any CPU.ActiveCfg = Release|Any CPU
		{7F4DE531-41C7-4E5C-BB34-8493DA435EDF}.Release|Any CPU.Build.0 = Release|Any CPU
		{7432BEDF-39CA-4E3A-8158-82AF29FF9C0E}.Debug|Any CPU.ActiveCfg = Debug|Any CPU
		{7432BEDF-39CA-4E3A-8158-82AF29FF9C0E}.Debug|Any CPU.Build.0 = Debug|Any CPU
		{7432BEDF-39CA-4E3A-8158-82AF29FF9C0E}.Release|Any CPU.ActiveCfg = Release|Any CPU
		{7432BEDF-39CA-4E3A-8158-82AF29FF9C0E}.Release|Any CPU.Build.0 = Release|Any CPU
		{BCB4D905-0632-43B4-A95C-69600422E270}.Debug|Any CPU.ActiveCfg = Debug|Any CPU
		{BCB4D905-0632-43B4-A95C-69600422E270}.Debug|Any CPU.Build.0 = Debug|Any CPU
		{BCB4D905-0632-43B4-A95C-69600422E270}.Release|Any CPU.ActiveCfg = Release|Any CPU
		{BCB4D905-0632-43B4-A95C-69600422E270}.Release|Any CPU.Build.0 = Release|Any CPU
	EndGlobalSection
	GlobalSection(SolutionProperties) = preSolution
		HideSolutionNode = FALSE
	EndGlobalSection
	GlobalSection(NestedProjects) = preSolution
		{557B1209-0C6C-49A2-A961-CB64F75909C8} = {1E973756-FA85-4552-86C9-E69EFDB3BC2D}
		{8EE31E1F-11A6-4237-99FD-955E5D7DEEA4} = {D70A7886-1C5A-4459-828E-82A3D422AA66}
		{33D57180-45AD-4DA0-A91C-3704D0632322} = {D70A7886-1C5A-4459-828E-82A3D422AA66}
		{A4F22947-8ADC-45D5-A739-951FF0222EB7} = {4B5D5B65-19FA-4696-8DE1-B7B848F3ECE2}
		{07E40063-00C7-4C6F-B7DF-5DAE28442143} = {557B1209-0C6C-49A2-A961-CB64F75909C8}
		{7432BEDF-39CA-4E3A-8158-82AF29FF9C0E} = {557B1209-0C6C-49A2-A961-CB64F75909C8}
		{D6946A12-1260-45E8-854B-883C34348D9F} = {A4F22947-8ADC-45D5-A739-951FF0222EB7}
		{8C7932A5-AD03-419A-AFE4-17A565B6F7E9} = {A4F22947-8ADC-45D5-A739-951FF0222EB7}
		{7F13E806-DC19-423A-9093-7F2416D4D872} = {A4F22947-8ADC-45D5-A739-951FF0222EB7}
		{9EC540EF-0785-4F6C-9637-BC17CBE44F77} = {A4F22947-8ADC-45D5-A739-951FF0222EB7}
		{BCB4D905-0632-43B4-A95C-69600422E270} = {A4F22947-8ADC-45D5-A739-951FF0222EB7}
		{2813EB3F-1DC2-424E-96D2-8E12B123BC65} = {8EE31E1F-11A6-4237-99FD-955E5D7DEEA4}
		{5E1612CE-3FBF-4705-8CA9-03413C935C45} = {8EE31E1F-11A6-4237-99FD-955E5D7DEEA4}
		{01B778B6-CA47-4635-96EC-EC1BA749A4A4} = {8EE31E1F-11A6-4237-99FD-955E5D7DEEA4}
		{B1C090AF-E11C-4743-B621-8CCBE1F634C5} = {8EE31E1F-11A6-4237-99FD-955E5D7DEEA4}
		{CFDDA259-BF5A-4ADD-8693-ECB67DC196D9} = {8EE31E1F-11A6-4237-99FD-955E5D7DEEA4}
		{9A224A48-7494-40CE-A5C7-9DDC81B4B2C7} = {8EE31E1F-11A6-4237-99FD-955E5D7DEEA4}
		{7F4DE531-41C7-4E5C-BB34-8493DA435EDF} = {33D57180-45AD-4DA0-A91C-3704D0632322}
	EndGlobalSection
EndGlobal
